
Microsoft Visual Studio Solution File, Format Version 12.00
# Visual Studio Version 17
VisualStudioVersion = 17.5.33530.505
MinimumVisualStudioVersion = 10.0.40219.1
Project("{54435603-DBB4-11D2-8724-00A0C9A8B90C}") = "Aip2pSetup", "Aip2pSetup.vdproj", "{9156FD5C-187F-4CE2-A0CD-E72C5EB443FF}"
EndProject
Global
	GlobalSection(SolutionConfigurationPlatforms) = preSolution
		Debug|x64 = Debug|x64
		Release|x64 = Release|x64
	EndGlobalSection
	GlobalSection(ProjectConfigurationPlatforms) = postSolution
		{9156FD5C-187F-4CE2-A0CD-E72C5EB443FF}.Debug|x64.ActiveCfg = Debug
		{9156FD5C-187F-4CE2-A0CD-E72C5EB443FF}.Debug|x64.Build.0 = Debug
		{9156FD5C-187F-4CE2-A0CD-E72C5EB443FF}.Release|x64.ActiveCfg = Release
		{9156FD5C-187F-4CE2-A0CD-E72C5EB443FF}.Release|x64.Build.0 = Release
	EndGlobalSection
	GlobalSection(SolutionProperties) = preSolution
		HideSolutionNode = FALSE
	EndGlobalSection
	GlobalSection(ExtensibilityGlobals) = postSolution
		SolutionGuid = {76966732-96E5-4C78-A568-563CA4E052D6}
	EndGlobalSection
EndGlobal
